// !$*UTF8*$!
{
	archiveVersion = 1;
	classes = {
	};
	objectVersion = 55;
	objects = {

/* Begin PBXBuildFile section */
		6E0561FB27EA56FD009E06C1 /* AppDelegate.swift in Sources */ = {isa = PBXBuildFile; fileRef = 6E0561FA27EA56FD009E06C1 /* AppDelegate.swift */; };
		6E0561FD27EA56FD009E06C1 /* SceneDelegate.swift in Sources */ = {isa = PBXBuildFile; fileRef = 6E0561FC27EA56FD009E06C1 /* SceneDelegate.swift */; };
		6E0561FF27EA56FD009E06C1 /* ViewController.swift in Sources */ = {isa = PBXBuildFile; fileRef = 6E0561FE27EA56FD009E06C1 /* ViewController.swift */; };
		6E05620227EA56FD009E06C1 /* Main.storyboard in Resources */ = {isa = PBXBuildFile; fileRef = 6E05620027EA56FD009E06C1 /* Main.storyboard */; };
		6E05620427EA56FE009E06C1 /* Assets.xcassets in Resources */ = {isa = PBXBuildFile; fileRef = 6E05620327EA56FE009E06C1 /* Assets.xcassets */; };
		6E05620727EA56FE009E06C1 /* LaunchScreen.storyboard in Resources */ = {isa = PBXBuildFile; fileRef = 6E05620527EA56FE009E06C1 /* LaunchScreen.storyboard */; };
		6E05621227EA56FE009E06C1 /* DiscountMultiVCTests.swift in Sources */ = {isa = PBXBuildFile; fileRef = 6E05621127EA56FE009E06C1 /* DiscountMultiVCTests.swift */; };
		6E05621C27EA56FE009E06C1 /* DiscountMultiVCUITests.swift in Sources */ = {isa = PBXBuildFile; fileRef = 6E05621B27EA56FE009E06C1 /* DiscountMultiVCUITests.swift */; };
		6E05621E27EA56FE009E06C1 /* DiscountMultiVCUITestsLaunchTests.swift in Sources */ = {isa = PBXBuildFile; fileRef = 6E05621D27EA56FE009E06C1 /* DiscountMultiVCUITestsLaunchTests.swift */; };
		6E05622B27EA594A009E06C1 /* ResultViewController.swift in Sources */ = {isa = PBXBuildFile; fileRef = 6E05622A27EA594A009E06C1 /* ResultViewController.swift */; };
/* End PBXBuildFile section */

/* Begin PBXContainerItemProxy section */
		6E05620E27EA56FE009E06C1 /* PBXContainerItemProxy */ = {
			isa = PBXContainerItemProxy;
			containerPortal = 6E0561EF27EA56FC009E06C1 /* Project object */;
			proxyType = 1;
			remoteGlobalIDString = 6E0561F627EA56FC009E06C1;
			remoteInfo = DiscountMultiVC;
		};
		6E05621827EA56FE009E06C1 /* PBXContainerItemProxy */ = {
			isa = PBXContainerItemProxy;
			containerPortal = 6E0561EF27EA56FC009E06C1 /* Project object */;
			proxyType = 1;
			remoteGlobalIDString = 6E0561F627EA56FC009E06C1;
			remoteInfo = DiscountMultiVC;
		};
/* End PBXContainerItemProxy section */

/* Begin PBXFileReference section */
		6E0561F727EA56FD009E06C1 /* DiscountMultiVC.app */ = {isa = PBXFileReference; explicitFileType = wrapper.application; includeInIndex = 0; path = DiscountMultiVC.app; sourceTree = BUILT_PRODUCTS_DIR; };
		6E0561FA27EA56FD009E06C1 /* AppDelegate.swift */ = {isa = PBXFileReference; lastKnownFileType = sourcecode.swift; path = AppDelegate.swift; sourceTree = "<group>"; };
		6E0561FC27EA56FD009E06C1 /* SceneDelegate.swift */ = {isa = PBXFileReference; lastKnownFileType = sourcecode.swift; path = SceneDelegate.swift; sourceTree = "<group>"; };
		6E0561FE27EA56FD009E06C1 /* ViewController.swift */ = {isa = PBXFileReference; lastKnownFileType = sourcecode.swift; path = ViewController.swift; sourceTree = "<group>"; };
		6E05620127EA56FD009E06C1 /* Base */ = {isa = PBXFileReference; lastKnownFileType = file.storyboard; name = Base; path = Base.lproj/Main.storyboard; sourceTree = "<group>"; };
		6E05620327EA56FE009E06C1 /* Assets.xcassets */ = {isa = PBXFileReference; lastKnownFileType = folder.assetcatalog; path = Assets.xcassets; sourceTree = "<group>"; };
		6E05620627EA56FE009E06C1 /* Base */ = {isa = PBXFileReference; lastKnownFileType = file.storyboard; name = Base; path = Base.lproj/LaunchScreen.storyboard; sourceTree = "<group>"; };
		6E05620827EA56FE009E06C1 /* Info.plist */ = {isa = PBXFileReference; lastKnownFileType = text.plist.xml; path = Info.plist; sourceTree = "<group>"; };
		6E05620D27EA56FE009E06C1 /* DiscountMultiVCTests.xctest */ = {isa = PBXFileReference; explicitFileType = wrapper.cfbundle; includeInIndex = 0; path = DiscountMultiVCTests.xctest; sourceTree = BUILT_PRODUCTS_DIR; };
		6E05621127EA56FE009E06C1 /* DiscountMultiVCTests.swift */ = {isa = PBXFileReference; lastKnownFileType = sourcecode.swift; path = DiscountMultiVCTests.swift; sourceTree = "<group>"; };
		6E05621727EA56FE009E06C1 /* DiscountMultiVCUITests.xctest */ = {isa = PBXFileReference; explicitFileType = wrapper.cfbundle; includeInIndex = 0; path = DiscountMultiVCUITests.xctest; sourceTree = BUILT_PRODUCTS_DIR; };
		6E05621B27EA56FE009E06C1 /* DiscountMultiVCUITests.swift */ = {isa = PBXFileReference; lastKnownFileType = sourcecode.swift; path = DiscountMultiVCUITests.swift; sourceTree = "<group>"; };
		6E05621D27EA56FE009E06C1 /* DiscountMultiVCUITestsLaunchTests.swift */ = {isa = PBXFileReference; lastKnownFileType = sourcecode.swift; path = DiscountMultiVCUITestsLaunchTests.swift; sourceTree = "<group>"; };
		6E05622A27EA594A009E06C1 /* ResultViewController.swift */ = {isa = PBXFileReference; lastKnownFileType = sourcecode.swift; path = ResultViewController.swift; sourceTree = "<group>"; };
/* End PBXFileReference section */

/* Begin PBXFrameworksBuildPhase section */
		6E0561F427EA56FC009E06C1 /* Frameworks */ = {
			isa = PBXFrameworksBuildPhase;
			buildActionMask = 2147483647;
			files = (
			);
			runOnlyForDeploymentPostprocessing = 0;
		};
		6E05620A27EA56FE009E06C1 /* Frameworks */ = {
			isa = PBXFrameworksBuildPhase;
			buildActionMask = 2147483647;
			files = (
			);
			runOnlyForDeploymentPostprocessing = 0;
		};
		6E05621427EA56FE009E06C1 /* Frameworks */ = {
			isa = PBXFrameworksBuildPhase;
			buildActionMask = 2147483647;
			files = (
			);
			runOnlyForDeploymentPostprocessing = 0;
		};
/* End PBXFrameworksBuildPhase section */

/* Begin PBXGroup section */
		6E0561EE27EA56FC009E06C1 = {
			isa = PBXGroup;
			children = (
				6E0561F927EA56FD009E06C1 /* DiscountMultiVC */,
				6E05621027EA56FE009E06C1 /* DiscountMultiVCTests */,
				6E05621A27EA56FE009E06C1 /* DiscountMultiVCUITests */,
				6E0561F827EA56FD009E06C1 /* Products */,
			);
			sourceTree = "<group>";
		};
		6E0561F827EA56FD009E06C1 /* Products */ = {
			isa = PBXGroup;
			children = (
				6E0561F727EA56FD009E06C1 /* DiscountMultiVC.app */,
				6E05620D27EA56FE009E06C1 /* DiscountMultiVCTests.xctest */,
				6E05621727EA56FE009E06C1 /* DiscountMultiVCUITests.xctest */,
			);
			name = Products;
			sourceTree = "<group>";
		};
		6E0561F927EA56FD009E06C1 /* DiscountMultiVC */ = {
			isa = PBXGroup;
			children = (
				6E0561FA27EA56FD009E06C1 /* AppDelegate.swift */,
				6E0561FC27EA56FD009E06C1 /* SceneDelegate.swift */,
				6E0561FE27EA56FD009E06C1 /* ViewController.swift */,
				6E05620027EA56FD009E06C1 /* Main.storyboard */,
				6E05620327EA56FE009E06C1 /* Assets.xcassets */,
				6E05620527EA56FE009E06C1 /* LaunchScreen.storyboard */,
				6E05620827EA56FE009E06C1 /* Info.plist */,
				6E05622A27EA594A009E06C1 /* ResultViewController.swift */,
			);
			path = DiscountMultiVC;
			sourceTree = "<group>";
		};
		6E05621027EA56FE009E06C1 /* DiscountMultiVCTests */ = {
			isa = PBXGroup;
			children = (
				6E05621127EA56FE009E06C1 /* DiscountMultiVCTests.swift */,
			);
			path = DiscountMultiVCTests;
			sourceTree = "<group>";
		};
		6E05621A27EA56FE009E06C1 /* DiscountMultiVCUITests */ = {
			isa = PBXGroup;
			children = (
				6E05621B27EA56FE009E06C1 /* DiscountMultiVCUITests.swift */,
				6E05621D27EA56FE009E06C1 /* DiscountMultiVCUITestsLaunchTests.swift */,
			);
			path = DiscountMultiVCUITests;
			sourceTree = "<group>";
		};
/* End PBXGroup section */

/* Begin PBXNativeTarget section */
		6E0561F627EA56FC009E06C1 /* DiscountMultiVC */ = {
			isa = PBXNativeTarget;
			buildConfigurationList = 6E05622127EA56FE009E06C1 /* Build configuration list for PBXNativeTarget "DiscountMultiVC" */;
			buildPhases = (
				6E0561F327EA56FC009E06C1 /* Sources */,
				6E0561F427EA56FC009E06C1 /* Frameworks */,
				6E0561F527EA56FC009E06C1 /* Resources */,
			);
			buildRules = (
			);
			dependencies = (
			);
			name = DiscountMultiVC;
			productName = DiscountMultiVC;
			productReference = 6E0561F727EA56FD009E06C1 /* DiscountMultiVC.app */;
			productType = "com.apple.product-type.application";
		};
		6E05620C27EA56FE009E06C1 /* DiscountMultiVCTests */ = {
			isa = PBXNativeTarget;
			buildConfigurationList = 6E05622427EA56FE009E06C1 /* Build configuration list for PBXNativeTarget "DiscountMultiVCTests" */;
			buildPhases = (
				6E05620927EA56FE009E06C1 /* Sources */,
				6E05620A27EA56FE009E06C1 /* Frameworks */,
				6E05620B27EA56FE009E06C1 /* Resources */,
			);
			buildRules = (
			);
			dependencies = (
				6E05620F27EA56FE009E06C1 /* PBXTargetDependency */,
			);
			name = DiscountMultiVCTests;
			productName = DiscountMultiVCTests;
			productReference = 6E05620D27EA56FE009E06C1 /* DiscountMultiVCTests.xctest */;
			productType = "com.apple.product-type.bundle.unit-test";
		};
		6E05621627EA56FE009E06C1 /* DiscountMultiVCUITests */ = {
			isa = PBXNativeTarget;
			buildConfigurationList = 6E05622727EA56FE009E06C1 /* Build configuration list for PBXNativeTarget "DiscountMultiVCUITests" */;
			buildPhases = (
				6E05621327EA56FE009E06C1 /* Sources */,
				6E05621427EA56FE009E06C1 /* Frameworks */,
				6E05621527EA56FE009E06C1 /* Resources */,
			);
			buildRules = (
			);
			dependencies = (
				6E05621927EA56FE009E06C1 /* PBXTargetDependency */,
			);
			name = DiscountMultiVCUITests;
			productName = DiscountMultiVCUITests;
			productReference = 6E05621727EA56FE009E06C1 /* DiscountMultiVCUITests.xctest */;
			productType = "com.apple.product-type.bundle.ui-testing";
		};
/* End PBXNativeTarget section */

/* Begin PBXProject section */
		6E0561EF27EA56FC009E06C1 /* Project object */ = {
			isa = PBXProject;
			attributes = {
				BuildIndependentTargetsInParallel = 1;
				LastSwiftUpdateCheck = 1330;
				LastUpgradeCheck = 1330;
				TargetAttributes = {
					6E0561F627EA56FC009E06C1 = {
						CreatedOnToolsVersion = 13.3;
					};
					6E05620C27EA56FE009E06C1 = {
						CreatedOnToolsVersion = 13.3;
						TestTargetID = 6E0561F627EA56FC009E06C1;
					};
					6E05621627EA56FE009E06C1 = {
						CreatedOnToolsVersion = 13.3;
						TestTargetID = 6E0561F627EA56FC009E06C1;
					};
				};
			};
			buildConfigurationList = 6E0561F227EA56FC009E06C1 /* Build configuration list for PBXProject "DiscountMultiVC" */;
			compatibilityVersion = "Xcode 13.0";
			developmentRegion = en;
			hasScannedForEncodings = 0;
			knownRegions = (
				en,
				Base,
			);
			mainGroup = 6E0561EE27EA56FC009E06C1;
			productRefGroup = 6E0561F827EA56FD009E06C1 /* Products */;
			projectDirPath = "";
			projectRoot = "";
			targets = (
				6E0561F627EA56FC009E06C1 /* DiscountMultiVC */,
				6E05620C27EA56FE009E06C1 /* DiscountMultiVCTests */,
				6E05621627EA56FE009E06C1 /* DiscountMultiVCUITests */,
			);
		};
/* End PBXProject section */

/* Begin PBXResourcesBuildPhase section */
		6E0561F527EA56FC009E06C1 /* Resources */ = {
			isa = PBXResourcesBuildPhase;
			buildActionMask = 2147483647;
			files = (
				6E05620727EA56FE009E06C1 /* LaunchScreen.storyboard in Resources */,
				6E05620427EA56FE009E06C1 /* Assets.xcassets in Resources */,
				6E05620227EA56FD009E06C1 /* Main.storyboard in Resources */,
			);
			runOnlyForDeploymentPostprocessing = 0;
		};
		6E05620B27EA56FE009E06C1 /* Resources */ = {
			isa = PBXResourcesBuildPhase;
			buildActionMask = 2147483647;
			files = (
			);
			runOnlyForDeploymentPostprocessing = 0;
		};
		6E05621527EA56FE009E06C1 /* Resources */ = {
			isa = PBXResourcesBuildPhase;
			buildActionMask = 2147483647;
			files = (
			);
			runOnlyForDeploymentPostprocessing = 0;
		};
/* End PBXResourcesBuildPhase section */

/* Begin PBXSourcesBuildPhase section */
		6E0561F327EA56FC009E06C1 /* Sources */ = {
			isa = PBXSourcesBuildPhase;
			buildActionMask = 2147483647;
			files = (
				6E0561FF27EA56FD009E06C1 /* ViewController.swift in Sources */,
				6E0561FB27EA56FD009E06C1 /* AppDelegate.swift in Sources */,
				6E0561FD27EA56FD009E06C1 /* SceneDelegate.swift in Sources */,
				6E05622B27EA594A009E06C1 /* ResultViewController.swift in Sources */,
			);
			runOnlyForDeploymentPostprocessing = 0;
		};
		6E05620927EA56FE009E06C1 /* Sources */ = {
			isa = PBXSourcesBuildPhase;
			buildActionMask = 2147483647;
			files = (
				6E05621227EA56FE009E06C1 /* DiscountMultiVCTests.swift in Sources */,
			);
			runOnlyForDeploymentPostprocessing = 0;
		};
		6E05621327EA56FE009E06C1 /* Sources */ = {
			isa = PBXSourcesBuildPhase;
			buildActionMask = 2147483647;
			files = (
				6E05621E27EA56FE009E06C1 /* DiscountMultiVCUITestsLaunchTests.swift in Sources */,
				6E05621C27EA56FE009E06C1 /* DiscountMultiVCUITests.swift in Sources */,
			);
			runOnlyForDeploymentPostprocessing = 0;
		};
/* End PBXSourcesBuildPhase section */

/* Begin PBXTargetDependency section */
		6E05620F27EA56FE009E06C1 /* PBXTargetDependency */ = {
			isa = PBXTargetDependency;
			target = 6E0561F627EA56FC009E06C1 /* DiscountMultiVC */;
			targetProxy = 6E05620E27EA56FE009E06C1 /* PBXContainerItemProxy */;
		};
		6E05621927EA56FE009E06C1 /* PBXTargetDependency */ = {
			isa = PBXTargetDependency;
			target = 6E0561F627EA56FC009E06C1 /* DiscountMultiVC */;
			targetProxy = 6E05621827EA56FE009E06C1 /* PBXContainerItemProxy */;
		};
/* End PBXTargetDependency section */

/* Begin PBXVariantGroup section */
		6E05620027EA56FD009E06C1 /* Main.storyboard */ = {
			isa = PBXVariantGroup;
			children = (
				6E05620127EA56FD009E06C1 /* Base */,
			);
			name = Main.storyboard;
			sourceTree = "<group>";
		};
		6E05620527EA56FE009E06C1 /* LaunchScreen.storyboard */ = {
			isa = PBXVariantGroup;
			children = (
				6E05620627EA56FE009E06C1 /* Base */,
			);
			name = LaunchScreen.storyboard;
			sourceTree = "<group>";
		};
/* End PBXVariantGroup section */

/* Begin XCBuildConfiguration section */
		6E05621F27EA56FE009E06C1 /* Debug */ = {
			isa = XCBuildConfiguration;
			buildSettings = {
				ALWAYS_SEARCH_USER_PATHS = NO;
				CLANG_ANALYZER_NONNULL = YES;
				CLANG_ANALYZER_NUMBER_OBJECT_CONVERSION = YES_AGGRESSIVE;
				CLANG_CXX_LANGUAGE_STANDARD = "gnu++17";
				CLANG_ENABLE_MODULES = YES;
				CLANG_ENABLE_OBJC_ARC = YES;
				CLANG_ENABLE_OBJC_WEAK = YES;
				CLANG_WARN_BLOCK_CAPTURE_AUTORELEASING = YES;
				CLANG_WARN_BOOL_CONVERSION = YES;
				CLANG_WARN_COMMA = YES;
				CLANG_WARN_CONSTANT_CONVERSION = YES;
				CLANG_WARN_DEPRECATED_OBJC_IMPLEMENTATIONS = YES;
				CLANG_WARN_DIRECT_OBJC_ISA_USAGE = YES_ERROR;
				CLANG_WARN_DOCUMENTATION_COMMENTS = YES;
				CLANG_WARN_EMPTY_BODY = YES;
				CLANG_WARN_ENUM_CONVERSION = YES;
				CLANG_WARN_INFINITE_RECURSION = YES;
				CLANG_WARN_INT_CONVERSION = YES;
				CLANG_WARN_NON_LITERAL_NULL_CONVERSION = YES;
				CLANG_WARN_OBJC_IMPLICIT_RETAIN_SELF = YES;
				CLANG_WARN_OBJC_LITERAL_CONVERSION = YES;
				CLANG_WARN_OBJC_ROOT_CLASS = YES_ERROR;
				CLANG_WARN_QUOTED_INCLUDE_IN_FRAMEWORK_HEADER = YES;
				CLANG_WARN_RANGE_LOOP_ANALYSIS = YES;
				CLANG_WARN_STRICT_PROTOTYPES = YES;
				CLANG_WARN_SUSPICIOUS_MOVE = YES;
				CLANG_WARN_UNGUARDED_AVAILABILITY = YES_AGGRESSIVE;
				CLANG_WARN_UNREACHABLE_CODE = YES;
				CLANG_WARN__DUPLICATE_METHOD_MATCH = YES;
				COPY_PHASE_STRIP = NO;
				DEBUG_INFORMATION_FORMAT = dwarf;
				ENABLE_STRICT_OBJC_MSGSEND = YES;
				ENABLE_TESTABILITY = YES;
				GCC_C_LANGUAGE_STANDARD = gnu11;
				GCC_DYNAMIC_NO_PIC = NO;
				GCC_NO_COMMON_BLOCKS = YES;
				GCC_OPTIMIZATION_LEVEL = 0;
				GCC_PREPROCESSOR_DEFINITIONS = (
					"DEBUG=1",
					"$(inherited)",
				);
				GCC_WARN_64_TO_32_BIT_CONVERSION = YES;
				GCC_WARN_ABOUT_RETURN_TYPE = YES_ERROR;
				GCC_WARN_UNDECLARED_SELECTOR = YES;
				GCC_WARN_UNINITIALIZED_AUTOS = YES_AGGRESSIVE;
				GCC_WARN_UNUSED_FUNCTION = YES;
				GCC_WARN_UNUSED_VARIABLE = YES;
				IPHONEOS_DEPLOYMENT_TARGET = 15.4;
				MTL_ENABLE_DEBUG_INFO = INCLUDE_SOURCE;
				MTL_FAST_MATH = YES;
				ONLY_ACTIVE_ARCH = YES;
				SDKROOT = iphoneos;
				SWIFT_ACTIVE_COMPILATION_CONDITIONS = DEBUG;
				SWIFT_OPTIMIZATION_LEVEL = "-Onone";
			};
			name = Debug;
		};
		6E05622027EA56FE009E06C1 /* Release */ = {
			isa = XCBuildConfiguration;
			buildSettings = {
				ALWAYS_SEARCH_USER_PATHS = NO;
				CLANG_ANALYZER_NONNULL = YES;
				CLANG_ANALYZER_NUMBER_OBJECT_CONVERSION = YES_AGGRESSIVE;
				CLANG_CXX_LANGUAGE_STANDARD = "gnu++17";
				CLANG_ENABLE_MODULES = YES;
				CLANG_ENABLE_OBJC_ARC = YES;
				CLANG_ENABLE_OBJC_WEAK = YES;
				CLANG_WARN_BLOCK_CAPTURE_AUTORELEASING = YES;
				CLANG_WARN_BOOL_CONVERSION = YES;
				CLANG_WARN_COMMA = YES;
				CLANG_WARN_CONSTANT_CONVERSION = YES;
				CLANG_WARN_DEPRECATED_OBJC_IMPLEMENTATIONS = YES;
				CLANG_WARN_DIRECT_OBJC_ISA_USAGE = YES_ERROR;
				CLANG_WARN_DOCUMENTATION_COMMENTS = YES;
				CLANG_WARN_EMPTY_BODY = YES;
				CLANG_WARN_ENUM_CONVERSION = YES;
				CLANG_WARN_INFINITE_RECURSION = YES;
				CLANG_WARN_INT_CONVERSION = YES;
				CLANG_WARN_NON_LITERAL_NULL_CONVERSION = YES;
				CLANG_WARN_OBJC_IMPLICIT_RETAIN_SELF = YES;
				CLANG_WARN_OBJC_LITERAL_CONVERSION = YES;
				CLANG_WARN_OBJC_ROOT_CLASS = YES_ERROR;
				CLANG_WARN_QUOTED_INCLUDE_IN_FRAMEWORK_HEADER = YES;
				CLANG_WARN_RANGE_LOOP_ANALYSIS = YES;
				CLANG_WARN_STRICT_PROTOTYPES = YES;
				CLANG_WARN_SUSPICIOUS_MOVE = YES;
				CLANG_WARN_UNGUARDED_AVAILABILITY = YES_AGGRESSIVE;
				CLANG_WARN_UNREACHABLE_CODE = YES;
				CLANG_WARN__DUPLICATE_METHOD_MATCH = YES;
				COPY_PHASE_STRIP = NO;
				DEBUG_INFORMATION_FORMAT = "dwarf-with-dsym";
				ENABLE_NS_ASSERTIONS = NO;
				ENABLE_STRICT_OBJC_MSGSEND = YES;
				GCC_C_LANGUAGE_STANDARD = gnu11;
				GCC_NO_COMMON_BLOCKS = YES;
				GCC_WARN_64_TO_32_BIT_CONVERSION = YES;
				GCC_WARN_ABOUT_RETURN_TYPE = YES_ERROR;
				GCC_WARN_UNDECLARED_SELECTOR = YES;
				GCC_WARN_UNINITIALIZED_AUTOS = YES_AGGRESSIVE;
				GCC_WARN_UNUSED_FUNCTION = YES;
				GCC_WARN_UNUSED_VARIABLE = YES;
				IPHONEOS_DEPLOYMENT_TARGET = 15.4;
				MTL_ENABLE_DEBUG_INFO = NO;
				MTL_FAST_MATH = YES;
				SDKROOT = iphoneos;
				SWIFT_COMPILATION_MODE = wholemodule;
				SWIFT_OPTIMIZATION_LEVEL = "-O";
				VALIDATE_PRODUCT = YES;
			};
			name = Release;
		};
		6E05622227EA56FE009E06C1 /* Debug */ = {
			isa = XCBuildConfiguration;
			buildSettings = {
				ASSETCATALOG_COMPILER_APPICON_NAME = AppIcon;
				ASSETCATALOG_COMPILER_GLOBAL_ACCENT_COLOR_NAME = AccentColor;
				CODE_SIGN_STYLE = Automatic;
				CURRENT_PROJECT_VERSION = 1;
				GENERATE_INFOPLIST_FILE = YES;
				INFOPLIST_FILE = DiscountMultiVC/Info.plist;
				INFOPLIST_KEY_CFBundleDisplayName = DiscountMultiVC;
				INFOPLIST_KEY_UIApplicationSupportsIndirectInputEvents = YES;
				INFOPLIST_KEY_UILaunchStoryboardName = LaunchScreen;
				INFOPLIST_KEY_UIMainStoryboardFile = Main;
				INFOPLIST_KEY_UISupportedInterfaceOrientations_iPad = "UIInterfaceOrientationPortrait UIInterfaceOrientationPortraitUpsideDown UIInterfaceOrientationLandscapeLeft UIInterfaceOrientationLandscapeRight";
				INFOPLIST_KEY_UISupportedInterfaceOrientations_iPhone = "UIInterfaceOrientationPortrait UIInterfaceOrientationLandscapeLeft UIInterfaceOrientationLandscapeRight";
				LD_RUNPATH_SEARCH_PATHS = (
					"$(inherited)",
					"@executable_path/Frameworks",
				);
				MARKETING_VERSION = 1.0;
				PRODUCT_BUNDLE_IDENTIFIER = nwmsu.DiscountMultiVC;
				PRODUCT_NAME = "$(TARGET_NAME)";
				SWIFT_EMIT_LOC_STRINGS = YES;
				SWIFT_VERSION = 5.0;
				TARGETED_DEVICE_FAMILY = "1,2";
			};
			name = Debug;
		};
		6E05622327EA56FE009E06C1 /* Release */ = {
			isa = XCBuildConfiguration;
			buildSettings = {
				ASSETCATALOG_COMPILER_APPICON_NAME = AppIcon;
				ASSETCATALOG_COMPILER_GLOBAL_ACCENT_COLOR_NAME = AccentColor;
				CODE_SIGN_STYLE = Automatic;
				CURRENT_PROJECT_VERSION = 1;
				GENERATE_INFOPLIST_FILE = YES;
				INFOPLIST_FILE = DiscountMultiVC/Info.plist;
				INFOPLIST_KEY_CFBundleDisplayName = DiscountMultiVC;
				INFOPLIST_KEY_UIApplicationSupportsIndirectInputEvents = YES;
				INFOPLIST_KEY_UILaunchStoryboardName = LaunchScreen;
				INFOPLIST_KEY_UIMainStoryboardFile = Main;
				INFOPLIST_KEY_UISupportedInterfaceOrientations_iPad = "UIInterfaceOrientationPortrait UIInterfaceOrientationPortraitUpsideDown UIInterfaceOrientationLandscapeLeft UIInterfaceOrientationLandscapeRight";
				INFOPLIST_KEY_UISupportedInterfaceOrientations_iPhone = "UIInterfaceOrientationPortrait UIInterfaceOrientationLandscapeLeft UIInterfaceOrientationLandscapeRight";
				LD_RUNPATH_SEARCH_PATHS = (
					"$(inherited)",
					"@executable_path/Frameworks",
				);
				MARKETING_VERSION = 1.0;
				PRODUCT_BUNDLE_IDENTIFIER = nwmsu.DiscountMultiVC;
				PRODUCT_NAME = "$(TARGET_NAME)";
				SWIFT_EMIT_LOC_STRINGS = YES;
				SWIFT_VERSION = 5.0;
				TARGETED_DEVICE_FAMILY = "1,2";
			};
			name = Release;
		};
		6E05622527EA56FE009E06C1 /* Debug */ = {
			isa = XCBuildConfiguration;
			buildSettings = {
				ALWAYS_EMBED_SWIFT_STANDARD_LIBRARIES = YES;
				BUNDLE_LOADER = "$(TEST_HOST)";
				CODE_SIGN_STYLE = Automatic;
				CURRENT_PROJECT_VERSION = 1;
				GENERATE_INFOPLIST_FILE = YES;
				IPHONEOS_DEPLOYMENT_TARGET = 15.4;
				MARKETING_VERSION = 1.0;
				PRODUCT_BUNDLE_IDENTIFIER = nwmsu.DiscountMultiVCTests;
				PRODUCT_NAME = "$(TARGET_NAME)";
				SWIFT_EMIT_LOC_STRINGS = NO;
				SWIFT_VERSION = 5.0;
				TARGETED_DEVICE_FAMILY = "1,2";
				TEST_HOST = "$(BUILT_PRODUCTS_DIR)/DiscountMultiVC.app/DiscountMultiVC";
			};
			name = Debug;
		};
		6E05622627EA56FE009E06C1 /* Release */ = {
			isa = XCBuildConfiguration;
			buildSettings = {
				ALWAYS_EMBED_SWIFT_STANDARD_LIBRARIES = YES;
				BUNDLE_LOADER = "$(TEST_HOST)";
				CODE_SIGN_STYLE = Automatic;
				CURRENT_PROJECT_VERSION = 1;
				GENERATE_INFOPLIST_FILE = YES;
				IPHONEOS_DEPLOYMENT_TARGET = 15.4;
				MARKETING_VERSION = 1.0;
				PRODUCT_BUNDLE_IDENTIFIER = nwmsu.DiscountMultiVCTests;
				PRODUCT_NAME = "$(TARGET_NAME)";
				SWIFT_EMIT_LOC_STRINGS = NO;
				SWIFT_VERSION = 5.0;
				TARGETED_DEVICE_FAMILY = "1,2";
				TEST_HOST = "$(BUILT_PRODUCTS_DIR)/DiscountMultiVC.app/DiscountMultiVC";
			};
			name = Release;
		};
		6E05622827EA56FE009E06C1 /* Debug */ = {
			isa = XCBuildConfiguration;
			buildSettings = {
				ALWAYS_EMBED_SWIFT_STANDARD_LIBRARIES = YES;
				CODE_SIGN_STYLE = Automatic;
				CURRENT_PROJECT_VERSION = 1;
				GENERATE_INFOPLIST_FILE = YES;
				MARKETING_VERSION = 1.0;
				PRODUCT_BUNDLE_IDENTIFIER = nwmsu.DiscountMultiVCUITests;
				PRODUCT_NAME = "$(TARGET_NAME)";
				SWIFT_EMIT_LOC_STRINGS = NO;
				SWIFT_VERSION = 5.0;
				TARGETED_DEVICE_FAMILY = "1,2";
				TEST_TARGET_NAME = DiscountMultiVC;
			};
			name = Debug;
		};
		6E05622927EA56FE009E06C1 /* Release */ = {
			isa = XCBuildConfiguration;
			buildSettings = {
				ALWAYS_EMBED_SWIFT_STANDARD_LIBRARIES = YES;
				CODE_SIGN_STYLE = Automatic;
				CURRENT_PROJECT_VERSION = 1;
				GENERATE_INFOPLIST_FILE = YES;
				MARKETING_VERSION = 1.0;
				PRODUCT_BUNDLE_IDENTIFIER = nwmsu.DiscountMultiVCUITests;
				PRODUCT_NAME = "$(TARGET_NAME)";
				SWIFT_EMIT_LOC_STRINGS = NO;
				SWIFT_VERSION = 5.0;
				TARGETED_DEVICE_FAMILY = "1,2";
				TEST_TARGET_NAME = DiscountMultiVC;
			};
			name = Release;
		};
/* End XCBuildConfiguration section */

/* Begin XCConfigurationList section */
		6E0561F227EA56FC009E06C1 /* Build configuration list for PBXProject "DiscountMultiVC" */ = {
			isa = XCConfigurationList;
			buildConfigurations = (
				6E05621F27EA56FE009E06C1 /* Debug */,
				6E05622027EA56FE009E06C1 /* Release */,
			);
			defaultConfigurationIsVisible = 0;
			defaultConfigurationName = Release;
		};
		6E05622127EA56FE009E06C1 /* Build configuration list for PBXNativeTarget "DiscountMultiVC" */ = {
			isa = XCConfigurationList;
			buildConfigurations = (
				6E05622227EA56FE009E06C1 /* Debug */,
				6E05622327EA56FE009E06C1 /* Release */,
			);
			defaultConfigurationIsVisible = 0;
			defaultConfigurationName = Release;
		};
		6E05622427EA56FE009E06C1 /* Build configuration list for PBXNativeTarget "DiscountMultiVCTests" */ = {
			isa = XCConfigurationList;
			buildConfigurations = (
				6E05622527EA56FE009E06C1 /* Debug */,
				6E05622627EA56FE009E06C1 /* Release */,
			);
			defaultConfigurationIsVisible = 0;
			defaultConfigurationName = Release;
		};
		6E05622727EA56FE009E06C1 /* Build configuration list for PBXNativeTarget "DiscountMultiVCUITests" */ = {
			isa = XCConfigurationList;
			buildConfigurations = (
				6E05622827EA56FE009E06C1 /* Debug */,
				6E05622927EA56FE009E06C1 /* Release */,
			);
			defaultConfigurationIsVisible = 0;
			defaultConfigurationName = Release;
		};
/* End XCConfigurationList section */
	};
	rootObject = 6E0561EF27EA56FC009E06C1 /* Project object */;
}
